[[package]]
name = "protobuf"
version = "3.14.0"
description = "Protocol Buffers"
category = "main"
optional = false
python-versions = "*"

[package.dependencies]
six = ">=1.9"

[[package]]
name = "pycryptodome"
version = "3.9.9"
description = "Cryptographic library for Python"
category = "main"
optional = false
python-versions = ">=2.6, !=3.0.*, !=3.1.*, !=3.2.*, !=3.3.*"

[[package]]
name = "pylibscrypt"
version = "1.8.0"
description = "Scrypt for Python"
category = "main"
optional = false
python-versions = "*"

[[package]]
name = "scrypt"
version = "0.8.17"
description = "Bindings for the scrypt key derivation function library"
category = "main"
optional = false
python-versions = "*"

[[package]]
name = "six"
version = "1.15.0"
description = "Python 2 and 3 compatibility utilities"
category = "main"
optional = false
python-versions = ">=2.7, !=3.0.*, !=3.1.*, !=3.2.*"

[metadata]
lock-version = "1.1"
python-versions = "2.7.18"
content-hash = "3afc6243d721040cc6b20ade9634104f37c29eb1136dfb2c9e56eecb286af86c"

[metadata.files]
protobuf = [
    {file = "protobuf-3.14.0-cp27-cp27m-macosx_10_9_x86_64.whl", hash = "sha256:629b03fd3caae7f815b0c66b41273f6b1900a579e2ccb41ef4493a4f5fb84f3a"},
    {file = "protobuf-3.14.0-cp27-cp27mu-manylinux1_x86_64.whl", hash = "sha256:5b7a637212cc9b2bcf85dd828b1178d19efdf74dbfe1ddf8cd1b8e01fdaaa7f5"},
    {file = "protobuf-3.14.0-cp35-cp35m-macosx_10_9_intel.whl", hash = "sha256:43b554b9e73a07ba84ed6cf25db0ff88b1e06be610b37656e292e3cbb5437472"},
    {file = "protobuf-3.14.0-cp35-cp35m-manylinux1_x86_64.whl", hash = "sha256:5e9806a43232a1fa0c9cf5da8dc06f6910d53e4390be1fa06f06454d888a9142"},
    {file = "protobuf-3.14.0-cp35-cp35m-win32.whl", hash = "sha256:1c51fda1bbc9634246e7be6016d860be01747354ed7015ebe38acf4452f470d2"},
    {file = "protobuf-3.14.0-cp35-cp35m-win_amd64.whl", hash = "sha256:4b74301b30513b1a7494d3055d95c714b560fbb630d8fb9956b6f27992c9f980"},
    {file = "protobuf-3.14.0-cp36-cp36m-macosx_10_9_x86_64.whl", hash = "sha256:86a75477addde4918e9a1904e5c6af8d7b691f2a3f65587d73b16100fbe4c3b2"},
    {file = "protobuf-3.14.0-cp36-cp36m-manylinux1_x86_64.whl", hash = "sha256:ecc33531a213eee22ad60e0e2aaea6c8ba0021f0cce35dbf0ab03dee6e2a23a1"},
    {file = "protobuf-3.14.0-cp36-cp36m-win32.whl", hash = "sha256:72230ed56f026dd664c21d73c5db73ebba50d924d7ba6b7c0d81a121e390406e"},
    {file = "protobuf-3.14.0-cp36-cp36m-win_amd64.whl", hash = "sha256:0fc96785262042e4863b3f3b5c429d4636f10d90061e1840fce1baaf59b1a836"},
    {file = "protobuf-3.14.0-cp37-cp37m-macosx_10_9_x86_64.whl", hash = "sha256:4e75105c9dfe13719b7293f75bd53033108f4ba03d44e71db0ec2a0e8401eafd"},
    {file = "protobuf-3.14.0-cp37-cp37m-manylinux1_x86_64.whl", hash = "sha256:2a7e2fe101a7ace75e9327b9c946d247749e564a267b0515cf41dfe450b69bac"},
    {file = "protobuf-3.14.0-cp37-cp37m-win32.whl", hash = "sha256:b0d5d35faeb07e22a1ddf8dce620860c8fe145426c02d1a0ae2688c6e8ede36d"},
    {file = "protobuf-3.14.0-cp37-cp37m-win_amd64.whl", hash = "sha256:8971c421dbd7aad930c9bd2694122f332350b6ccb5202a8b7b06f3f1a5c41ed5"},
    {file = "protobuf-3.14.0-cp38-cp38-macosx_10_9_x86_64.whl", hash = "sha256:9616f0b65a30851e62f1713336c931fcd32c057202b7ff2cfbfca0fc7d5e3043"},
    {file = "protobuf-3.14.0-cp38-cp38-manylinux1_x86_64.whl", hash = "sha256:22bcd2e284b3b1d969c12e84dc9b9a71701ec82d8ce975fdda19712e1cfd4e00"},
    {file = "protobuf-3.14.0-py2.py3-none-any.whl", hash = "sha256:0e247612fadda953047f53301a7b0407cb0c3cb4ae25a6fde661597a04039b3c"},
    {file = "protobuf-3.14.0.tar.gz", hash = "sha256:1d63eb389347293d8915fb47bee0951c7b5dab522a4a60118b9a18f33e21f8ce"},
]
pycryptodome = [
    {file = "pycryptodome-3.9.9-cp27-cp27m-macosx_10_6_intel.whl", hash = "sha256:5598dc6c9dbfe882904e54584322893eff185b98960bbe2cdaaa20e8a437b6e5"},
    {file = "pycryptodome-3.9.9-cp27-cp27m-manylinux1_i686.whl", hash = "sha256:1cfdb92dca388e27e732caa72a1cc624520fe93752a665c3b6cd8f1a91b34916"},
    {file = "pycryptodome-3.9.9-cp27-cp27m-manylinux1_x86_64.whl", hash = "sha256:5f19e6ef750f677d924d9c7141f54bade3cd56695bbfd8a9ef15d0378557dfe4"},
    {file = "pycryptodome-3.9.9-cp27-cp27m-win32.whl", hash = "sha256:a3d8a9efa213be8232c59cdc6b65600276508e375e0a119d710826248fd18d37"},
    {file = "pycryptodome-3.9.9-cp27-cp27m-win_amd64.whl", hash = "sha256:50826b49fbca348a61529693b0031cdb782c39060fb9dca5ac5dff858159dc5a"},
    {file = "pycryptodome-3.9.9-cp27-cp27mu-manylinux1_i686.whl", hash = "sha256:19cb674df6c74a14b8b408aa30ba8a89bd1c01e23505100fb45f930fbf0ed0d9"},
    {file = "pycryptodome-3.9.9-cp27-cp27mu-manylinux1_x86_64.whl", hash = "sha256:28f75e58d02019a7edc7d4135203d2501dfc47256d175c72c9798f9a129a49a7"},
    {file = "pycryptodome-3.9.9-cp35-cp35m-macosx_10_6_intel.whl", hash = "sha256:6d3baaf82681cfb1a842f1c8f77beac791ceedd99af911e4f5fabec32bae2259"},
    {file = "pycryptodome-3.9.9-cp35-cp35m-manylinux1_i686.whl", hash = "sha256:946399d15eccebafc8ce0257fc4caffe383c75e6b0633509bd011e357368306c"},
    {file = "pycryptodome-3.9.9-cp35-cp35m-manylinux1_x86_64.whl", hash = "sha256:eb01f9997e4d6a8ec8a1ad1f676ba5a362781ff64e8189fe2985258ba9cb9706"},
    {file = "pycryptodome-3.9.9-cp35-cp35m-manylinux2014_aarch64.whl", hash = "sha256:411745c6dce4eff918906eebcde78771d44795d747e194462abb120d2e537cd9"},
    {file = "pycryptodome-3.9.9-cp36-cp36m-macosx_10_6_intel.whl", hash = "sha256:8f9f84059039b672a5a705b3c5aa21747867bacc30a72e28bf0d147cc8ef85ed"},
    {file = "pycryptodome-3.9.9-cp36-cp36m-manylinux1_i686.whl", hash = "sha256:7798e73225a699651888489fbb1dbc565e03a509942a8ce6194bbe6fb582a41f"},
    {file = "pycryptodome-3.9.9-cp36-cp36m-manylinux1_x86_64.whl", hash = "sha256:46e96aeb8a9ca8b1edf9b1fd0af4bf6afcf3f1ca7fa35529f5d60b98f3e4e959"},
    {file = "pycryptodome-3.9.9-cp36-cp36m-manylinux2014_aarch64.whl", hash = "sha256:843e5f10ecdf9d307032b8b91afe9da1d6ed5bb89d0bbec5c8dcb4ba44008e11"},
    {file = "pycryptodome-3.9.9-cp36-cp36m-win32.whl", hash = "sha256:b68794fba45bdb367eeb71249c26d23e61167510a1d0c3d6cf0f2f14636e62ee"},
    {file = "pycryptodome-3.9.9-cp36-cp36m-win_amd64.whl", hash = "sha256:60febcf5baf70c566d9d9351c47fbd8321da9a4edf2eff45c4c31c86164ca794"},
    {file = "pycryptodome-3.9.9-cp37-cp37m-macosx_10_6_intel.whl", hash = "sha256:4ed27951b0a17afd287299e2206a339b5b6d12de9321e1a1575261ef9c4a851b"},
    {file = "pycryptodome-3.9.9-cp37-cp37m-manylinux1_i686.whl", hash = "sha256:9000877383e2189dafd1b2fc68c6c726eca9a3cfb6d68148fbb72ccf651959b6"},
    {file = "pycryptodome-3.9.9-cp37-cp37m-manylinux1_x86_64.whl", hash = "sha256:faa682c404c218e8788c3126c9a4b8fbcc54dc245b5b6e8ea5b46f3b63bd0c84"},
    {file = "pycryptodome-3.9.9-cp37-cp37m-manylinux2014_aarch64.whl", hash = "sha256:62c488a21c253dadc9f731a32f0ac61e4e436d81a1ea6f7d1d9146ed4d20d6bd"},
    {file = "pycryptodome-3.9.9-cp37-cp37m-win32.whl", hash = "sha256:834b790bbb6bd18956f625af4004d9c15eed12d5186d8e57851454ae76d52215"},
    {file = "pycryptodome-3.9.9-cp37-cp37m-win_amd64.whl", hash = "sha256:70d807d11d508433daf96244ec1c64e55039e8a35931fc5ea9eee94dbe3cb6b5"},
    {file = "pycryptodome-3.9.9-cp38-cp38-macosx_10_9_x86_64.whl", hash = "sha256:27397aee992af69d07502126561d851ba3845aa808f0e55c71ad0efa264dd7d4"},
    {file = "pycryptodome-3.9.9-cp38-cp38-manylinux1_i686.whl", hash = "sha256:d7ec2bd8f57c559dd24e71891c51c25266a8deb66fc5f02cc97c7fb593d1780a"},
    {file = "pycryptodome-3.9.9-cp38-cp38-manylinux1_x86_64.whl", hash = "sha256:e15bde67ccb7d4417f627dd16ffe2f5a4c2941ce5278444e884cb26d73ecbc61"},
    {file = "pycryptodome-3.9.9-cp38-cp38-manylinux2014_aarch64.whl", hash = "sha256:5c3c4865730dfb0263f822b966d6d58429d8b1e560d1ddae37685fd9e7c63161"},
    {file = "pycryptodome-3.9.9-cp38-cp38-win32.whl", hash = "sha256:76b1a34d74bb2c91bce460cdc74d1347592045627a955e9a252554481c17c52f"},
    {file = "pycryptodome-3.9.9-cp38-cp38-win_amd64.whl", hash = "sha256:6e4227849e4231a3f5b35ea5bdedf9a82b3883500e5624f00a19156e9a9ef861"},
    {file = "pycryptodome-3.9.9-cp39-cp39-manylinux1_i686.whl", hash = "sha256:2a68df525b387201a43b27b879ce8c08948a430e883a756d6c9e3acdaa7d7bd8"},
    {file = "pycryptodome-3.9.9-cp39-cp39-manylinux1_x86_64.whl", hash = "sha256:a4599c0ca0fc027c780c1c45ed996d5bef03e571470b7b1c7171ec1e1a90914c"},
    {file = "pycryptodome-3.9.9-cp39-cp39-manylinux2014_aarch64.whl", hash = "sha256:b4e6b269a8ddaede774e5c3adbef6bf452ee144e6db8a716d23694953348cd86"},
    {file = "pycryptodome-3.9.9-cp39-cp39-win32.whl", hash = "sha256:a199e9ca46fc6e999e5f47fce342af4b56c7de85fae893c69ab6aa17531fb1e1"},
    {file = "pycryptodome-3.9.9-cp39-cp39-win_amd64.whl", hash = "sha256:6e89bb3826e6f84501e8e3b205c22595d0c5492c2f271cbb9ee1c48eb1866645"},
    {file = "pycryptodome-3.9.9.tar.gz", hash = "sha256:910e202a557e1131b1c1b3f17a63914d57aac55cf9fb9b51644962841c3995c4"},
]
pylibscrypt = [
    {file = "pylibscrypt-1.8.0.tar.gz", hash = "sha256:893c4519afae05878f7aa313b76f6193e4d4b69d157b7febf6a5ef69ae3bf6e9"},
]
scrypt = [
    {file = "scrypt-0.8.17-cp27-cp27m-manylinux1_i686.whl", hash = "sha256:bd26bde77e7e6ddc1049c1402efc4a0c14e5f283c29a54f9c3e7117a95df46af"},
    {file = "scrypt-0.8.17-cp27-cp27m-manylinux1_x86_64.whl", hash = "sha256:122161709b57dc41969047dbcb5a2a9dde4a4f45ac6a8340d29fcd06d505690d"},
    {file = "scrypt-0.8.17-cp27-cp27m-manylinux2010_x86_64.whl", hash = "sha256:3da63fb585db00fb513d9ca002338e5905c46a1b4a57acfffa4a94aacfdc71e8"},
    {file = "scrypt-0.8.17-cp27-cp27m-win32.whl", hash = "sha256:196f5886f58d5a28b6bc4de7785a1baa9062c6a8db0f03a9b8fa4ba2ecdf4216"},
    {file = "scrypt-0.8.17-cp27-cp27mu-manylinux1_i686.whl", hash = "sha256:401bfb4341e206189bba5530cdc5c55ef4f0f20be289603dbe403785014da3cf"},
    {file = "scrypt-0.8.17-cp27-cp27mu-manylinux1_x86_64.whl", hash = "sha256:c34ebd77a85ac97203a0eff0d6963f650686677f3e2ebc8e3eb3e54a76211992"},
    {file = "scrypt-0.8.17-cp27-cp27mu-manylinux2010_x86_64.whl", hash = "sha256:a3dc95763f1254141c483277c5bf5dd49fee9d0f4b5076ba952f0db88fc73ea3"},
    {file = "scrypt-0.8.17-cp35-cp35m-manylinux1_i686.whl", hash = "sha256:156af0077ad7aadf465acd9eed8598d70155febdd92b297b9be3581152674a4d"},
    {file = "scrypt-0.8.17-cp35-cp35m-manylinux1_x86_64.whl", hash = "sha256:41aaa6c7eeb988a0513b59b81baecf05ea07f2d9cae90abe438ba37b670e8140"},
    {file = "scrypt-0.8.17-cp35-cp35m-manylinux2010_x86_64.whl", hash = "sha256:cb8f7cec9d8e5aa1e20f3672b66216ffd9f72f2d4b665963ceb4bd0c705ad798"},
    {file = "scrypt-0.8.17-cp35-cp35m-win32.whl", hash = "sha256:a316bff96a046f69e75414dcfaccaa56426db32482533936ccc4e628e89e23fd"},
    {file = "scrypt-0.8.17-cp35-cp35m-win_amd64.whl", hash = "sha256:0e8c136c58e2f032591cb6ce6e22932a78fb1dc01dd61ee0c831eb3abaaf074f"},
    {file = "scrypt-0.8.17-cp36-cp36m-macosx_10_13_x86_64.whl", hash = "sha256:a8f6669d9d0a94708b9c32cc8eb9502e3142d6cb81f59d4d79fe6b5b31d49156"},
    {file = "scrypt-0.8.17-cp36-cp36m-manylinux1_i686.whl", hash = "sha256:a8e24b40de6bab8531edf55d7506c309d6b03117ce34ab422152049f9e47836e"},
    {file = "scrypt-0.8.17-cp36-cp36m-manylinux1_x86_64.whl", hash = "sha256:2bc2e53d465c633f153b32e838b2de70846eb682f89b28e4f0331d9d6ffc38c9"},
    {file = "scrypt-0.8.17-cp36-cp36m-manylinux2010_x86_64.whl", hash = "sha256:dae9bc00391fab92d89b78006c494d97ec6a43e5fb266efaacdae1243eb123e4"},
    {file = "scrypt-0.8.17-cp36-cp36m-win32.whl", hash = "sha256:fb9167846ecaafdaf7782a531bc5e4fdbd8334521cbaa407808496b9d914bd0e"},
    {file = "scrypt-0.8.17-cp36-cp36m-win_amd64.whl", hash = "sha256:75be7e3df7dbbfd2310d7318c4b0d182337b2b61c31e22243b707d3b1c3d6c4a"},
    {file = "scrypt-0.8.17-cp37-cp37m-macosx_10_14_x86_64.whl", hash = "sha256:086a358f5b1a26fa88756449205caab4ff810b01e770a2491b6a2c1ac566d2e0"},
    {file = "scrypt-0.8.17-cp37-cp37m-manylinux1_i686.whl", hash = "sha256:9915b8fbf9458d809c7be54c4b44d1fb09d293c25627500ce95c1c60bfd3884d"},
    {file = "scrypt-0.8.17-cp37-cp37m-manylinux1_x86_64.whl", hash = "sha256:72a8c2d9f4243dc1b0008bf485b024c0af0f4e5663c4f7c78a829c03e124d9d8"},
    {file = "scrypt-0.8.17-cp37-cp37m-manylinux2010_x86_64.whl", hash = "sha256:3e68c49ef02d680256ff47f69d8fa353cc97ecda7beee53893777bd70a4a5195"},
    {file = "scrypt-0.8.17-cp37-cp37m-win32.whl", hash = "sha256:a6bd5f6088e5088e3db83e9658c5ddbd70bf06c0e2e92d6855677dc655c51192"},
    {file = "scrypt-0.8.17-cp37-cp37m-win_amd64.whl", hash = "sha256:3cf66c54ed2802183a8ca893e539a2d41c76921a84d4060eb34aaacf9772f150"},
    {file = "scrypt-0.8.17-cp38-cp38-macosx_10_14_x86_64.whl", hash = "sha256:32a3fd35c0705730bf98dcd8e83d55e425b6d1c27e84bd93020091c6d480a896"},
    {file = "scrypt-0.8.17-cp38-cp38-manylinux1_i686.whl", hash = "sha256:e2fc402b14aeec6d6ce3df4347a0a55a543463f53a40901bff269b1992e0ad72"},
    {file = "scrypt-0.8.17-cp38-cp38-manylinux1_x86_64.whl", hash = "sha256:857762b699839aca3eec9a0994c35d944d31d8c16888330a9428a2a7e5f77b5a"},
    {file = "scrypt-0.8.17-cp38-cp38-manylinux2010_x86_64.whl", hash = "sha256:6ee0adceb76564294be62a8c6cd8da65b452e0a9700185a4c3127bce8596ca28"},
    {file = "scrypt-0.8.17-cp38-cp38-win32.whl", hash = "sha256:5280d76572a7fc4ce7c08ededbf080713a6739fb233e69696c65b21adbe68436"},
    {file = "scrypt-0.8.17-cp38-cp38-win_amd64.whl", hash = "sha256:bdaa38710f46f940b9d091d8748585562966077c71e8619d52f42ad82382d014"},
    {file = "scrypt-0.8.17-cp39-cp39-manylinux1_i686.whl", hash = "sha256:29a7eb73ca820e7fb5142d3f0a25d5ae1964241c14ed1bc819d0270ce8449f1c"},
    {file = "scrypt-0.8.17-cp39-cp39-manylinux1_x86_64.whl", hash = "sha256:08e40aaf1da834a4b42bd783e428400b3c1e6f2902ea2aa52f043df7694265f8"},
    {file = "scrypt-0.8.17-cp39-cp39-manylinux2010_x86_64.whl", hash = "sha256:1b8b37a3a617a05a7b6462153a9de520eb73334d950cc325c8653f7d7d4248dd"},
    {file = "scrypt-0.8.17.tar.gz", hash = "sha256:25b5075f2238be93af1cd574540a5ea01b8547f9b678aa72d22fce22577475ec"},
]
six = [
    {file = "six-1.15.0-py2.py3-none-any.whl", hash = "sha256:8b74bedcbbbaca38ff6d7491d76f2b06b3592611af620f8426e82dddb04a5ced"},
    {file = "six-1.15.0.tar.gz", hash = "sha256:30639c035cdb23534cd4aa2dd52c3bf48f06e5f4a941509c8bafd8ce11080259"},
]
